<?xml version="1.0" encoding="utf-8"?>
<Project ToolsVersion="4.0" xmlns="http://schemas.microsoft.com/developer/msbuild/2003">
  <ItemGroup>
    <Filter Include="Source Files">
      <UniqueIdentifier>{e17c8c84-3043-4446-9502-576050e249b1}</UniqueIdentifier>
      <Extensions>cpp;c;cxx;rc;def;r;odl;idl;hpj;bat</Extensions>
    </Filter>
    <Filter Include="Header Files">
      <UniqueIdentifier>{87790924-a835-46d0-9de0-0912142956c0}</UniqueIdentifier>
      <Extensions>h;hpp;hxx;hm;inl</Extensions>
    </Filter>
    <Filter Include="Resource Files">
      <UniqueIdentifier>{0892e748-c5d8-4a0f-854b-8c9440696165}</UniqueIdentifier>
      <Extensions>ico;cur;bmp;dlg;rc2;rct;bin;rgs;gif;jpg;jpeg;jpe</Extensions>
    </Filter>
  </ItemGroup>
  <ItemGroup>
    <ClCompile Include="Action.cpp">
      <Filter>Source Files</Filter>
    </ClCompile>
    <ClCompile Include="Alias.cpp">
      <Filter>Source Files</Filter>
    </ClCompile>
    <ClCompile Include="Antisub.cpp">
      <Filter>Source Files</Filter>
    </ClCompile>
    <ClCompile Include="Files.cpp">
      <Filter>Source Files</Filter>
    </ClCompile>
    <ClCompile Include="Glob.cpp">
      <Filter>Source Files</Filter>
    </ClCompile>
    <ClCompile Include="group.cpp">
      <Filter>Source Files</Filter>
    </ClCompile>
    <ClCompile Include="Highligh.cpp">
      <Filter>Source Files</Filter>
    </ClCompile>
    <ClCompile Include="hotkeys.cpp">
      <Filter>Source Files</Filter>
    </ClCompile>
    <ClCompile Include="Ivars.cpp">
      <Filter>Source Files</Filter>
    </ClCompile>
    <ClCompile Include="JmcObj.cpp">
      <Filter>Source Files</Filter>
    </ClCompile>
    <ClCompile Include="JmcSite.cpp">
      <Filter>Source Files</Filter>
    </ClCompile>
    <ClCompile Include="Llist.cpp">
      <Filter>Source Files</Filter>
    </ClCompile>
    <ClCompile Include="Logs.cpp">
      <Filter>Source Files</Filter>
    </ClCompile>
    <ClCompile Include="mapper.cpp">
      <Filter>Source Files</Filter>
    </ClCompile>
    <ClCompile Include="Misc.cpp">
      <Filter>Source Files</Filter>
    </ClCompile>
    <ClCompile Include="nodes.cpp">
      <Filter>Source Files</Filter>
    </ClCompile>
    <ClCompile Include="oob.cpp">
      <Filter>Source Files</Filter>
    </ClCompile>
    <ClCompile Include="Parse.cpp">
      <Filter>Source Files</Filter>
    </ClCompile>
    <ClCompile Include="Path.cpp">
      <Filter>Source Files</Filter>
    </ClCompile>
    <ClCompile Include="Proxy.cpp">
      <Filter>Source Files</Filter>
    </ClCompile>
    <ClCompile Include="ressup.cpp">
      <Filter>Source Files</Filter>
    </ClCompile>
    <ClCompile Include="Scrfiles.cpp">
      <Filter>Source Files</Filter>
    </ClCompile>
    <ClCompile Include="Secure.cpp">
      <Filter>Source Files</Filter>
    </ClCompile>
    <ClCompile Include="Session.cpp">
      <Filter>Source Files</Filter>
    </ClCompile>
    <ClCompile Include="StdAfx.cpp">
      <Filter>Source Files</Filter>
    </ClCompile>
    <ClCompile Include="Substitu.cpp">
      <Filter>Source Files</Filter>
    </ClCompile>
    <ClCompile Include="System.cpp">
      <Filter>Source Files</Filter>
    </ClCompile>
    <ClCompile Include="telnet.cpp">
      <Filter>Source Files</Filter>
    </ClCompile>
    <ClCompile Include="Text.cpp">
      <Filter>Source Files</Filter>
    </ClCompile>
    <ClCompile Include="Ticks.cpp">
      <Filter>Source Files</Filter>
    </ClCompile>
    <ClCompile Include="ttcoreex.cpp">
      <Filter>Source Files</Filter>
    </ClCompile>
    <ClCompile Include="Utils.cpp">
      <Filter>Source Files</Filter>
    </ClCompile>
    <ClCompile Include="Variable.cpp">
      <Filter>Source Files</Filter>
    </ClCompile>
  </ItemGroup>
  <ItemGroup>
    <Midl Include="ttcoreex.idl">
      <Filter>Source Files</Filter>
    </Midl>
  </ItemGroup>
  <ItemGroup>
    <ResourceCompile Include="ttcoreex.rc">
      <Filter>Source Files</Filter>
    </ResourceCompile>
  </ItemGroup>
  <ItemGroup>
    <ClInclude Include="cmds.h">
      <Filter>Header Files</Filter>
    </ClInclude>
    <ClInclude Include="files.h">
      <Filter>Header Files</Filter>
    </ClInclude>
    <ClInclude Include="JmcObj.h">
      <Filter>Header Files</Filter>
    </ClInclude>
    <ClInclude Include="JmcSite.h">
      <Filter>Header Files</Filter>
    </ClInclude>
    <ClInclude Include="Logs.h">
      <Filter>Header Files</Filter>
    </ClInclude>
    <ClInclude Include="Proxy.H">
      <Filter>Header Files</Filter>
    </ClInclude>
    <ClInclude Include="Resource.h">
      <Filter>Header Files</Filter>
    </ClInclude>
    <ClInclude Include="ressup.h">
      <Filter>Header Files</Filter>
    </ClInclude>
    <ClInclude Include="StdAfx.h">
      <Filter>Header Files</Filter>
    </ClInclude>
    <ClInclude Include="telnet.H">
      <Filter>Header Files</Filter>
    </ClInclude>
    <ClInclude Include="TINTIN.H">
      <Filter>Header Files</Filter>
    </ClInclude>
    <ClInclude Include="TINTINX.H">
      <Filter>Header Files</Filter>
    </ClInclude>
    <ClInclude Include="ttcoreex.h">
      <Filter>Header Files</Filter>
    </ClInclude>
    <ClInclude Include="ttcoreexCP.h">
      <Filter>Header Files</Filter>
    </ClInclude>
    <ClInclude Include="ttobjects.h">
      <Filter>Header Files</Filter>
    </ClInclude>
  </ItemGroup>
  <ItemGroup>
    <CustomBuild Include="ttcoreex.def">
      <Filter>Source Files</Filter>
    </CustomBuild>
    <CustomBuild Include="JmcObj.rgs">
      <Filter>Resource Files</Filter>
    </CustomBuild>
    <CustomBuild Include="JmcSite.rgs">
      <Filter>Resource Files</Filter>
    </CustomBuild>
    <CustomBuild Include="ttcoreex.tlb" />
  </ItemGroup>
</Project>