<?xml version="1.0" encoding="utf-8"?>
<Project ToolsVersion="4.0" xmlns="http://schemas.microsoft.com/developer/msbuild/2003">
  <ItemGroup>
    <Filter Include="Source Files">
      <UniqueIdentifier>{58aeb27a-3b91-4e3b-8400-5905563fcea1}</UniqueIdentifier>
      <Extensions>cpp;c;cxx;rc;def;r;odl;hpj;bat;for;f90</Extensions>
    </Filter>
    <Filter Include="Header Files">
      <UniqueIdentifier>{e29937c7-4b46-4b08-a615-a7563c512e83}</UniqueIdentifier>
      <Extensions>h;hpp;hxx;hm;inl;fi;fd</Extensions>
    </Filter>
    <Filter Include="Resource Files">
      <UniqueIdentifier>{0295512b-44b0-449f-8a82-427d8e7ac724}</UniqueIdentifier>
      <Extensions>ico;cur;bmp;dlg;rc2;rct;bin;cnt;rtf;gif;jpg;jpeg;jpe</Extensions>
    </Filter>
  </ItemGroup>
  <ItemGroup>
    <ClCompile Include="AcceptKeyEdit.cpp">
      <Filter>Source Files</Filter>
    </ClCompile>
    <ClCompile Include="AliasPage.cpp">
      <Filter>Source Files</Filter>
    </ClCompile>
    <ClCompile Include="AnsiColorsDlg.cpp">
      <Filter>Source Files</Filter>
    </ClCompile>
    <ClCompile Include="AnsiWnd.cpp">
      <Filter>Source Files</Filter>
    </ClCompile>
    <ClCompile Include="CharSubstPage.cpp">
      <Filter>Source Files</Filter>
    </ClCompile>
    <ClCompile Include="ColorButton.cpp">
      <Filter>Source Files</Filter>
    </ClCompile>
    <ClCompile Include="ColorSettingsDlg.cpp">
      <Filter>Source Files</Filter>
    </ClCompile>
    <ClCompile Include="CommonParamsPage.cpp">
      <Filter>Source Files</Filter>
    </ClCompile>
    <ClCompile Include="CoolDialogBar.cpp">
      <Filter>Source Files</Filter>
    </ClCompile>
    <ClCompile Include="EditBar.cpp">
      <Filter>Source Files</Filter>
    </ClCompile>
    <ClCompile Include="GroupCombo.cpp">
      <Filter>Source Files</Filter>
    </ClCompile>
    <ClCompile Include="HyperLink.cpp">
      <Filter>Source Files</Filter>
    </ClCompile>
    <ClCompile Include="JMCActionsPage.cpp">
      <Filter>Source Files</Filter>
    </ClCompile>
    <ClCompile Include="JmcGroupPage.cpp">
      <Filter>Source Files</Filter>
    </ClCompile>
    <ClCompile Include="JmcHlightPage.cpp">
      <Filter>Source Files</Filter>
    </ClCompile>
    <ClCompile Include="JmcHotkeyPage.cpp">
      <Filter>Source Files</Filter>
    </ClCompile>
    <ClCompile Include="JmcObjectsDlg.cpp">
      <Filter>Source Files</Filter>
    </ClCompile>
    <ClCompile Include="JmcScriptFilesPage.cpp">
      <Filter>Source Files</Filter>
    </ClCompile>
    <ClCompile Include="JmcSubstPage.cpp">
      <Filter>Source Files</Filter>
    </ClCompile>
    <ClCompile Include="KeyWordsDlg.cpp">
      <Filter>Source Files</Filter>
    </ClCompile>
    <ClCompile Include="LogParamsPage.cpp">
      <Filter>Source Files</Filter>
    </ClCompile>
    <ClCompile Include="MainFrm.cpp">
      <Filter>Source Files</Filter>
    </ClCompile>
    <ClCompile Include="MudEmuDlg.cpp">
      <Filter>Source Files</Filter>
    </ClCompile>
    <ClCompile Include="NewProfileDlg.cpp">
      <Filter>Source Files</Filter>
    </ClCompile>
    <ClCompile Include="OneChar.cpp">
      <Filter>Source Files</Filter>
    </ClCompile>
    <ClCompile Include="ProfileListDlg.cpp">
      <Filter>Source Files</Filter>
    </ClCompile>
    <ClCompile Include="ProfilePage.cpp">
      <Filter>Source Files</Filter>
    </ClCompile>
    <ClCompile Include="ScriptPage.cpp">
      <Filter>Source Files</Filter>
    </ClCompile>
    <ClCompile Include="ScriptParseDlg.cpp">
      <Filter>Source Files</Filter>
    </ClCompile>
    <ClCompile Include="ScrollOptionDlg.cpp">
      <Filter>Source Files</Filter>
    </ClCompile>
    <ClCompile Include="smc.cpp">
      <Filter>Source Files</Filter>
    </ClCompile>
    <ClCompile Include="smcDoc.cpp">
      <Filter>Source Files</Filter>
    </ClCompile>
    <ClCompile Include="SmcPropertyDlg.cpp">
      <Filter>Source Files</Filter>
    </ClCompile>
    <ClCompile Include="smcView.cpp">
      <Filter>Source Files</Filter>
    </ClCompile>
    <ClCompile Include="StdAfx.cpp">
      <Filter>Source Files</Filter>
    </ClCompile>
    <ClCompile Include="Tray.cpp">
      <Filter>Source Files</Filter>
    </ClCompile>
  </ItemGroup>
  <ItemGroup>
    <ResourceCompile Include="smc.rc">
      <Filter>Source Files</Filter>
    </ResourceCompile>
  </ItemGroup>
  <ItemGroup>
    <ClInclude Include="AcceptKeyEdit.h">
      <Filter>Header Files</Filter>
    </ClInclude>
    <ClInclude Include="AliasPage.h">
      <Filter>Header Files</Filter>
    </ClInclude>
    <ClInclude Include="AnsiColorsDlg.h">
      <Filter>Header Files</Filter>
    </ClInclude>
    <ClInclude Include="AnsiWnd.h">
      <Filter>Header Files</Filter>
    </ClInclude>
    <ClInclude Include="CharSubstPage.h">
      <Filter>Header Files</Filter>
    </ClInclude>
    <ClInclude Include="ColorSettingsDlg.h">
      <Filter>Header Files</Filter>
    </ClInclude>
    <ClInclude Include="CommonParamsPage.h">
      <Filter>Header Files</Filter>
    </ClInclude>
    <ClInclude Include="CoolDialogBar.h">
      <Filter>Header Files</Filter>
    </ClInclude>
    <ClInclude Include="EditBar.h">
      <Filter>Header Files</Filter>
    </ClInclude>
    <ClInclude Include="GroupCombo.h">
      <Filter>Header Files</Filter>
    </ClInclude>
    <ClInclude Include="groupedpage.h">
      <Filter>Header Files</Filter>
    </ClInclude>
    <ClInclude Include="HyperLink.h">
      <Filter>Header Files</Filter>
    </ClInclude>
    <ClInclude Include="JMCActionsPage.h">
      <Filter>Header Files</Filter>
    </ClInclude>
    <ClInclude Include="JmcGroupPage.h">
      <Filter>Header Files</Filter>
    </ClInclude>
    <ClInclude Include="JmcHlightPage.h">
      <Filter>Header Files</Filter>
    </ClInclude>
    <ClInclude Include="JmcHotkeyPage.h">
      <Filter>Header Files</Filter>
    </ClInclude>
    <ClInclude Include="JmcObjectsDlg.h">
      <Filter>Header Files</Filter>
    </ClInclude>
    <ClInclude Include="JmcScriptFilesPage.h">
      <Filter>Header Files</Filter>
    </ClInclude>
    <ClInclude Include="JmcSubstPage.h">
      <Filter>Header Files</Filter>
    </ClInclude>
    <ClInclude Include="KeyWordsDlg.h">
      <Filter>Header Files</Filter>
    </ClInclude>
    <ClInclude Include="LogParamsPage.h">
      <Filter>Header Files</Filter>
    </ClInclude>
    <ClInclude Include="MainFrm.h">
      <Filter>Header Files</Filter>
    </ClInclude>
    <ClInclude Include="MudEmuDlg.h">
      <Filter>Header Files</Filter>
    </ClInclude>
    <ClInclude Include="NewProfileDlg.h">
      <Filter>Header Files</Filter>
    </ClInclude>
    <ClInclude Include="OneChar.h">
      <Filter>Header Files</Filter>
    </ClInclude>
    <ClInclude Include="ProfileListDlg.h">
      <Filter>Header Files</Filter>
    </ClInclude>
    <ClInclude Include="ProfilePage.h">
      <Filter>Header Files</Filter>
    </ClInclude>
    <ClInclude Include="ScriptPage.h">
      <Filter>Header Files</Filter>
    </ClInclude>
    <ClInclude Include="ScriptParseDlg.h">
      <Filter>Header Files</Filter>
    </ClInclude>
    <ClInclude Include="ScrollOptionDlg.h">
      <Filter>Header Files</Filter>
    </ClInclude>
    <ClInclude Include="smc.h">
      <Filter>Header Files</Filter>
    </ClInclude>
    <ClInclude Include="smcDoc.h">
      <Filter>Header Files</Filter>
    </ClInclude>
    <ClInclude Include="SmcPropertyDlg.h">
      <Filter>Header Files</Filter>
    </ClInclude>
    <ClInclude Include="smcView.h">
      <Filter>Header Files</Filter>
    </ClInclude>
    <ClInclude Include="StdAfx.h">
      <Filter>Header Files</Filter>
    </ClInclude>
    <ClInclude Include="Tray.h">
      <Filter>Header Files</Filter>
    </ClInclude>
  </ItemGroup>
  <ItemGroup>
    <Image Include="res\bitmap1.bmp">
      <Filter>Resource Files</Filter>
    </Image>
    <Image Include="res\bmp00001.bmp">
      <Filter>Resource Files</Filter>
    </Image>
    <Image Include="res\bmp00002.bmp">
      <Filter>Resource Files</Filter>
    </Image>
    <Image Include="res\connecte.bmp">
      <Filter>Resource Files</Filter>
    </Image>
    <Image Include="res\connecte.ico">
      <Filter>Resource Files</Filter>
    </Image>
    <Image Include="res\disconne.bmp">
      <Filter>Resource Files</Filter>
    </Image>
    <Image Include="res\ico00001.ico">
      <Filter>Resource Files</Filter>
    </Image>
    <Image Include="res\icon1.ico">
      <Filter>Resource Files</Filter>
    </Image>
    <Image Include="res\jmc_main_icon.ico">
      <Filter>Resource Files</Filter>
    </Image>
    <Image Include="res\logged.bmp">
      <Filter>Resource Files</Filter>
    </Image>
    <Image Include="res\logged1.bmp">
      <Filter>Resource Files</Filter>
    </Image>
    <Image Include="res\Toolbar.bmp">
      <Filter>Resource Files</Filter>
    </Image>
  </ItemGroup>
  <ItemGroup>
    <CustomBuild Include="res\smc.rc2">
      <Filter>Resource Files</Filter>
    </CustomBuild>
  </ItemGroup>
</Project>